
Microsoft Visual Studio Solution File, Format Version 12.00
# Visual Studio 15
VisualStudioVersion = 15.0.27130.2010
MinimumVisualStudioVersion = 10.0.40219.1
Project("{8BC9CEB8-8B4A-11D0-8D11-00A0C91BC942}") = "HMM_WORDS_RR_MT_PTHREAD", "HMM_WORDS_RR_MT_PTHREAD\HMM_WORDS_RR_MT_PTHREAD.vcxproj", "{95C64F14-D54B-4998-936D-A71512B61C45}"
EndProject
Global
	GlobalSection(SolutionConfigurationPlatforms) = preSolution
		Debug|ARM = Debug|ARM
		Debug|x64 = Debug|x64
		Debug|x86 = Debug|x86
		Release|ARM = Release|ARM
		Release|x64 = Release|x64
		Release|x86 = Release|x86
	EndGlobalSection
	GlobalSection(ProjectConfigurationPlatforms) = postSolution
		{95C64F14-D54B-4998-936D-A71512B61C45}.Debug|ARM.ActiveCfg = Debug|ARM
		{95C64F14-D54B-4998-936D-A71512B61C45}.Debug|ARM.Build.0 = Debug|ARM
		{95C64F14-D54B-4998-936D-A71512B61C45}.Debug|x64.ActiveCfg = Debug|x64
		{95C64F14-D54B-4998-936D-A71512B61C45}.Debug|x64.Build.0 = Debug|x64
		{95C64F14-D54B-4998-936D-A71512B61C45}.Debug|x86.ActiveCfg = Debug|x86
		{95C64F14-D54B-4998-936D-A71512B61C45}.Debug|x86.Build.0 = Debug|x86
		{95C64F14-D54B-4998-936D-A71512B61C45}.Release|ARM.ActiveCfg = Release|ARM
		{95C64F14-D54B-4998-936D-A71512B61C45}.Release|ARM.Build.0 = Release|ARM
		{95C64F14-D54B-4998-936D-A71512B61C45}.Release|x64.ActiveCfg = Release|x64
		{95C64F14-D54B-4998-936D-A71512B61C45}.Release|x64.Build.0 = Release|x64
		{95C64F14-D54B-4998-936D-A71512B61C45}.Release|x86.ActiveCfg = Release|x86
		{95C64F14-D54B-4998-936D-A71512B61C45}.Release|x86.Build.0 = Release|x86
	EndGlobalSection
	GlobalSection(SolutionProperties) = preSolution
		HideSolutionNode = FALSE
	EndGlobalSection
	GlobalSection(ExtensibilityGlobals) = postSolution
		SolutionGuid = {068DAF7F-2258-4B56-A1B0-160EC9BD0CA1}
	EndGlobalSection
EndGlobal
